{
  "name": "@andykash81/test_ajs",
  "version": "1.0.0",
  "lockfileVersion": 2,
  "requires": true,
  "packages": {
    "": {
      "name": "@andykash81/test_ajs",
      "version": "1.0.0",
      "license": "ISC",
      "dependencies": {
        "@andykash81/ajs": "^1.0.0"
      }
    },
    "node_modules/@andykash81/ajs": {
      "version": "1.0.0",
      "resolved": "https://npm.pkg.github.com/download/@andykash81/ajs/1.0.0/c9225aa0b3a4d46609971d9ff807a0684345a4364f4bf1caff48073712fe3404",
      "integrity": "sha512-q29LR+kvJYI1f9SvwGU6jLl8DeU5EjLexwp/didP20xpkisBlSvLn6nrMnE1Sfp+gN0JxrFzD1fPwykcYcnHlQ==",
      "license": "ISC"
    }
  },
  "dependencies": {
    "@andykash81/ajs": {
      "version": "1.0.0",
      "resolved": "https://npm.pkg.github.com/download/@andykash81/ajs/1.0.0/c9225aa0b3a4d46609971d9ff807a0684345a4364f4bf1caff48073712fe3404",
      "integrity": "sha512-q29LR+kvJYI1f9SvwGU6jLl8DeU5EjLexwp/didP20xpkisBlSvLn6nrMnE1Sfp+gN0JxrFzD1fPwykcYcnHlQ=="
    }
  }
}
